{
    "_readme": [
        "This file locks the dependencies of your project to a known state",
        "Read more about it at https://getcomposer.org/doc/01-basic-usage.md#installing-dependencies",
        "This file is @generated automatically"
    ],
    "content-hash": "21d89598a6bb00de179010532d5758f7",
    "packages": [
        {
            "name": "metaregistrar/php-epp-client",
            "version": "dev-full-status-support",
            "source": {
                "type": "git",
                "url": "https://github.com/MikeAT/php-epp-client.git",
                "reference": "3f541ebb1fae701f235efe1f99c024e8a75c7390"
            },
            "dist": {
                "type": "zip",
                "url": "https://api.github.com/repos/MikeAT/php-epp-client/zipball/3f541ebb1fae701f235efe1f99c024e8a75c7390",
                "reference": "3f541ebb1fae701f235efe1f99c024e8a75c7390",
                "shasum": ""
            },
            "require": {
                "ext-dom": "*",
                "ext-libxml": "*",
                "php": "^7|^8.0"
            },
            "require-dev": {
                "phpunit/phpunit": "^7"
            },
            "type": "library",
            "autoload": {
                "classmap": [
                    "Protocols/",
                    "Registries/"
                ]
            },
            "license": [
                "MIT"
            ],
            "authors": [
                {
                    "name": "Ewout de Graaf",
                    "email": "ewout@metaregistrar.com"
                }
            ],
            "description": "Object-oriented PHP EPP Client",
            "homepage": "https://github.com/metaregistrar/php-epp-client",
            "keywords": [
                "domains",
                "epp",
                "xml"
            ],
            "support": {
                "source": "https://github.com/MikeAT/php-epp-client/tree/full-status-support"
            },
            "time": "2024-09-24T09:56:36+00:00"
        }
    ],
    "packages-dev": [],
    "aliases": [],
    "minimum-stability": "stable",
    "stability-flags": {
        "metaregistrar/php-epp-client": 20
    },
    "prefer-stable": false,
    "prefer-lowest": false,
    "platform": [],
    "platform-dev": [],
    "plugin-api-version": "2.6.0"
}
